
Microsoft Visual Studio Solution File, Format Version 12.00
# Visual Studio Version 17
VisualStudioVersion = 17.13.35913.81 d17.13
MinimumVisualStudioVersion = 10.0.40219.1
Project("{FAE04EC0-301F-11D3-BF4B-00C04F79EFBC}") = "BaratoInventory-Andallo", "BaratoInventory-Andallo.csproj", "{4B0B4F1B-6247-473E-864E-34B8296F6AE3}"
EndProject
Global
	GlobalSection(SolutionConfigurationPlatforms) = preSolution
		Debug|Any CPU = Debug|Any CPU
		Release|Any CPU = Release|Any CPU
	EndGlobalSection
	GlobalSection(ProjectConfigurationPlatforms) = postSolution
		{4B0B4F1B-6247-473E-864E-34B8296F6AE3}.Debug|Any CPU.ActiveCfg = Debug|Any CPU
		{4B0B4F1B-6247-473E-864E-34B8296F6AE3}.Debug|Any CPU.Build.0 = Debug|Any CPU
		{4B0B4F1B-6247-473E-864E-34B8296F6AE3}.Release|Any CPU.ActiveCfg = Release|Any CPU
		{4B0B4F1B-6247-473E-864E-34B8296F6AE3}.Release|Any CPU.Build.0 = Release|Any CPU
	EndGlobalSection
	GlobalSection(SolutionProperties) = preSolution
		HideSolutionNode = FALSE
	EndGlobalSection
	GlobalSection(ExtensibilityGlobals) = postSolution
		SolutionGuid = {F2738B68-58B5-45AB-A5F1-0B819269ADB6}
	EndGlobalSection
EndGlobal
